
Microsoft Visual Studio Solution File, Format Version 12.00
# Visual Studio Version 17
VisualStudioVersion = 17.14.36414.22 d17.14
MinimumVisualStudioVersion = 10.0.40219.1
Project("{8BC9CEB8-8B4A-11D0-8D11-00A0C91BC942}") = "20250909", "20250909\20250909.vcxproj", "{5D220604-9425-4162-A766-EFFA9382D536}"
EndProject
Global
	GlobalSection(SolutionConfigurationPlatforms) = preSolution
		Debug|x64 = Debug|x64
		Debug|x86 = Debug|x86
		Release|x64 = Release|x64
		Release|x86 = Release|x86
	EndGlobalSection
	GlobalSection(ProjectConfigurationPlatforms) = postSolution
		{5D220604-9425-4162-A766-EFFA9382D536}.Debug|x64.ActiveCfg = Debug|x64
		{5D220604-9425-4162-A766-EFFA9382D536}.Debug|x64.Build.0 = Debug|x64
		{5D220604-9425-4162-A766-EFFA9382D536}.Debug|x86.ActiveCfg = Debug|Win32
		{5D220604-9425-4162-A766-EFFA9382D536}.Debug|x86.Build.0 = Debug|Win32
		{5D220604-9425-4162-A766-EFFA9382D536}.Release|x64.ActiveCfg = Release|x64
		{5D220604-9425-4162-A766-EFFA9382D536}.Release|x64.Build.0 = Release|x64
		{5D220604-9425-4162-A766-EFFA9382D536}.Release|x86.ActiveCfg = Release|Win32
		{5D220604-9425-4162-A766-EFFA9382D536}.Release|x86.Build.0 = Release|Win32
	EndGlobalSection
	GlobalSection(SolutionProperties) = preSolution
		HideSolutionNode = FALSE
	EndGlobalSection
	GlobalSection(ExtensibilityGlobals) = postSolution
		SolutionGuid = {4B4349DA-38CE-405A-BA2A-29531C5E56CD}
	EndGlobalSection
EndGlobal
