
Microsoft Visual Studio Solution File, Format Version 12.00
# Visual Studio Version 17
VisualStudioVersion = 17.14.36414.22 d17.14
MinimumVisualStudioVersion = 10.0.40219.1
Project("{8BC9CEB8-8B4A-11D0-8D11-00A0C91BC942}") = "20250905", "20250905\20250905.vcxproj", "{D69DEBB7-D757-4388-885D-D39A8BEBB023}"
EndProject
Global
	GlobalSection(SolutionConfigurationPlatforms) = preSolution
		Debug|x64 = Debug|x64
		Debug|x86 = Debug|x86
		Release|x64 = Release|x64
		Release|x86 = Release|x86
	EndGlobalSection
	GlobalSection(ProjectConfigurationPlatforms) = postSolution
		{D69DEBB7-D757-4388-885D-D39A8BEBB023}.Debug|x64.ActiveCfg = Debug|x64
		{D69DEBB7-D757-4388-885D-D39A8BEBB023}.Debug|x64.Build.0 = Debug|x64
		{D69DEBB7-D757-4388-885D-D39A8BEBB023}.Debug|x86.ActiveCfg = Debug|Win32
		{D69DEBB7-D757-4388-885D-D39A8BEBB023}.Debug|x86.Build.0 = Debug|Win32
		{D69DEBB7-D757-4388-885D-D39A8BEBB023}.Release|x64.ActiveCfg = Release|x64
		{D69DEBB7-D757-4388-885D-D39A8BEBB023}.Release|x64.Build.0 = Release|x64
		{D69DEBB7-D757-4388-885D-D39A8BEBB023}.Release|x86.ActiveCfg = Release|Win32
		{D69DEBB7-D757-4388-885D-D39A8BEBB023}.Release|x86.Build.0 = Release|Win32
	EndGlobalSection
	GlobalSection(SolutionProperties) = preSolution
		HideSolutionNode = FALSE
	EndGlobalSection
	GlobalSection(ExtensibilityGlobals) = postSolution
		SolutionGuid = {B6F42889-18DD-49EE-904B-0CDCCCF50DA3}
	EndGlobalSection
EndGlobal
